
Microsoft Visual Studio Solution File, Format Version 12.00
# Visual Studio Version 17
VisualStudioVersion = 17.10.34916.146
MinimumVisualStudioVersion = 10.0.40219.1
Project("{FAE04EC0-301F-11D3-BF4B-00C04F79EFBC}") = "AplicadaParcialWasm", "AplicadaParcialWasm\AplicadaParcialWasm.csproj", "{E33749ED-7A55-43C9-ACEA-94956C6722F1}"
EndProject
Project("{FAE04EC0-301F-11D3-BF4B-00C04F79EFBC}") = "AplicadaParcialWasm.Client", "AplicadaParcialWasm.Client\AplicadaParcialWasm.Client.csproj", "{2F2057A3-7DA7-4BF7-A52D-2BD4641B3207}"
EndProject
Project("{FAE04EC0-301F-11D3-BF4B-00C04F79EFBC}") = "ArticuloApi.Api", "ArticuloApi.Api\ArticuloApi.Api.csproj", "{12F0C7A3-2A88-4A9A-95DB-878C911C5357}"
EndProject
Global
	GlobalSection(SolutionConfigurationPlatforms) = preSolution
		Debug|Any CPU = Debug|Any CPU
		Release|Any CPU = Release|Any CPU
	EndGlobalSection
	GlobalSection(ProjectConfigurationPlatforms) = postSolution
		{E33749ED-7A55-43C9-ACEA-94956C6722F1}.Debug|Any CPU.ActiveCfg = Debug|Any CPU
		{E33749ED-7A55-43C9-ACEA-94956C6722F1}.Debug|Any CPU.Build.0 = Debug|Any CPU
		{E33749ED-7A55-43C9-ACEA-94956C6722F1}.Release|Any CPU.ActiveCfg = Release|Any CPU
		{E33749ED-7A55-43C9-ACEA-94956C6722F1}.Release|Any CPU.Build.0 = Release|Any CPU
		{2F2057A3-7DA7-4BF7-A52D-2BD4641B3207}.Debug|Any CPU.ActiveCfg = Debug|Any CPU
		{2F2057A3-7DA7-4BF7-A52D-2BD4641B3207}.Debug|Any CPU.Build.0 = Debug|Any CPU
		{2F2057A3-7DA7-4BF7-A52D-2BD4641B3207}.Release|Any CPU.ActiveCfg = Release|Any CPU
		{2F2057A3-7DA7-4BF7-A52D-2BD4641B3207}.Release|Any CPU.Build.0 = Release|Any CPU
		{12F0C7A3-2A88-4A9A-95DB-878C911C5357}.Debug|Any CPU.ActiveCfg = Debug|Any CPU
		{12F0C7A3-2A88-4A9A-95DB-878C911C5357}.Debug|Any CPU.Build.0 = Debug|Any CPU
		{12F0C7A3-2A88-4A9A-95DB-878C911C5357}.Release|Any CPU.ActiveCfg = Release|Any CPU
		{12F0C7A3-2A88-4A9A-95DB-878C911C5357}.Release|Any CPU.Build.0 = Release|Any CPU
	EndGlobalSection
	GlobalSection(SolutionProperties) = preSolution
		HideSolutionNode = FALSE
	EndGlobalSection
	GlobalSection(ExtensibilityGlobals) = postSolution
		SolutionGuid = {449BB1BE-280C-42D9-91E3-81DA18AB1AB0}
	EndGlobalSection
EndGlobal
